
Microsoft Visual Studio Solution File, Format Version 12.00
# Visual Studio Version 16
VisualStudioVersion = 16.0.29613.14
MinimumVisualStudioVersion = 10.0.40219.1
Project("{FAE04EC0-301F-11D3-BF4B-00C04F79EFBC}") = "JogoDecifraMe.UWP", "JogoDecifraMe\JogoDecifraMe.UWP\JogoDecifraMe.UWP.csproj", "{9FD3A70B-0B0A-4A86-842B-3367B04EF129}"
EndProject
Project("{FAE04EC0-301F-11D3-BF4B-00C04F79EFBC}") = "JogoDecifraMe.Android", "JogoDecifraMe\JogoDecifraMe.Android\JogoDecifraMe.Android.csproj", "{8BE3B61E-19EF-4814-ACBC-9BAD3BCBE149}"
EndProject
Project("{FAE04EC0-301F-11D3-BF4B-00C04F79EFBC}") = "JogoDecifraMe.iOS", "JogoDecifraMe\JogoDecifraMe.iOS\JogoDecifraMe.iOS.csproj", "{3A38ED02-A899-42B3-A465-DEB79D64DFD0}"
EndProject
Project("{FAE04EC0-301F-11D3-BF4B-00C04F79EFBC}") = "JogoDecifraMe", "JogoDecifraMe\JogoDecifraMe\JogoDecifraMe.csproj", "{0138CD82-C5C4-4EA3-8AB9-EB7B99F3846E}"
EndProject
Global
	GlobalSection(SolutionConfigurationPlatforms) = preSolution
		Debug|Any CPU = Debug|Any CPU
		Debug|ARM = Debug|ARM
		Debug|iPhone = Debug|iPhone
		Debug|iPhoneSimulator = Debug|iPhoneSimulator
		Debug|x64 = Debug|x64
		Debug|x86 = Debug|x86
		Release|Any CPU = Release|Any CPU
		Release|ARM = Release|ARM
		Release|iPhone = Release|iPhone
		Release|iPhoneSimulator = Release|iPhoneSimulator
		Release|x64 = Release|x64
		Release|x86 = Release|x86
	EndGlobalSection
	GlobalSection(ProjectConfigurationPlatforms) = postSolution
		{9FD3A70B-0B0A-4A86-842B-3367B04EF129}.Debug|Any CPU.ActiveCfg = Debug|x86
		{9FD3A70B-0B0A-4A86-842B-3367B04EF129}.Debug|Any CPU.Build.0 = Debug|x86
		{9FD3A70B-0B0A-4A86-842B-3367B04EF129}.Debug|Any CPU.Deploy.0 = Debug|x86
		{9FD3A70B-0B0A-4A86-842B-3367B04EF129}.Debug|ARM.ActiveCfg = Debug|ARM
		{9FD3A70B-0B0A-4A86-842B-3367B04EF129}.Debug|ARM.Build.0 = Debug|ARM
		{9FD3A70B-0B0A-4A86-842B-3367B04EF129}.Debug|ARM.Deploy.0 = Debug|ARM
		{9FD3A70B-0B0A-4A86-842B-3367B04EF129}.Debug|iPhone.ActiveCfg = Debug|x86
		{9FD3A70B-0B0A-4A86-842B-3367B04EF129}.Debug|iPhone.Build.0 = Debug|x86
		{9FD3A70B-0B0A-4A86-842B-3367B04EF129}.Debug|iPhone.Deploy.0 = Debug|x86
		{9FD3A70B-0B0A-4A86-842B-3367B04EF129}.Debug|iPhoneSimulator.ActiveCfg = Debug|x86
		{9FD3A70B-0B0A-4A86-842B-3367B04EF129}.Debug|iPhoneSimulator.Build.0 = Debug|x86
		{9FD3A70B-0B0A-4A86-842B-3367B04EF129}.Debug|iPhoneSimulator.Deploy.0 = Debug|x86
		{9FD3A70B-0B0A-4A86-842B-3367B04EF129}.Debug|x64.ActiveCfg = Debug|x64
		{9FD3A70B-0B0A-4A86-842B-3367B04EF129}.Debug|x64.Build.0 = Debug|x64
		{9FD3A70B-0B0A-4A86-842B-3367B04EF129}.Debug|x64.Deploy.0 = Debug|x64
		{9FD3A70B-0B0A-4A86-842B-3367B04EF129}.Debug|x86.ActiveCfg = Debug|x86
		{9FD3A70B-0B0A-4A86-842B-3367B04EF129}.Debug|x86.Build.0 = Debug|x86
		{9FD3A70B-0B0A-4A86-842B-3367B04EF129}.Debug|x86.Deploy.0 = Debug|x86
		{9FD3A70B-0B0A-4A86-842B-3367B04EF129}.Release|Any CPU.ActiveCfg = Release|x86
		{9FD3A70B-0B0A-4A86-842B-3367B04EF129}.Release|Any CPU.Build.0 = Release|x86
		{9FD3A70B-0B0A-4A86-842B-3367B04EF129}.Release|Any CPU.Deploy.0 = Release|x86
		{9FD3A70B-0B0A-4A86-842B-3367B04EF129}.Release|ARM.ActiveCfg = Release|ARM
		{9FD3A70B-0B0A-4A86-842B-3367B04EF129}.Release|ARM.Build.0 = Release|ARM
		{9FD3A70B-0B0A-4A86-842B-3367B04EF129}.Release|ARM.Deploy.0 = Release|ARM
		{9FD3A70B-0B0A-4A86-842B-3367B04EF129}.Release|iPhone.ActiveCfg = Release|x86
		{9FD3A70B-0B0A-4A86-842B-3367B04EF129}.Release|iPhone.Build.0 = Release|x86
		{9FD3A70B-0B0A-4A86-842B-3367B04EF129}.Release|iPhone.Deploy.0 = Release|x86
		{9FD3A70B-0B0A-4A86-842B-3367B04EF129}.Release|iPhoneSimulator.ActiveCfg = Release|x86
		{9FD3A70B-0B0A-4A86-842B-3367B04EF129}.Release|iPhoneSimulator.Build.0 = Release|x86
		{9FD3A70B-0B0A-4A86-842B-3367B04EF129}.Release|iPhoneSimulator.Deploy.0 = Release|x86
		{9FD3A70B-0B0A-4A86-842B-3367B04EF129}.Release|x64.ActiveCfg = Release|x64
		{9FD3A70B-0B0A-4A86-842B-3367B04EF129}.Release|x64.Build.0 = Release|x64
		{9FD3A70B-0B0A-4A86-842B-3367B04EF129}.Release|x64.Deploy.0 = Release|x64
		{9FD3A70B-0B0A-4A86-842B-3367B04EF129}.Release|x86.ActiveCfg = Release|x86
		{9FD3A70B-0B0A-4A86-842B-3367B04EF129}.Release|x86.Build.0 = Release|x86
		{9FD3A70B-0B0A-4A86-842B-3367B04EF129}.Release|x86.Deploy.0 = Release|x86
		{8BE3B61E-19EF-4814-ACBC-9BAD3BCBE149}.Debug|Any CPU.ActiveCfg = Debug|Any CPU
		{8BE3B61E-19EF-4814-ACBC-9BAD3BCBE149}.Debug|Any CPU.Build.0 = Debug|Any CPU
		{8BE3B61E-19EF-4814-ACBC-9BAD3BCBE149}.Debug|Any CPU.Deploy.0 = Debug|Any CPU
		{8BE3B61E-19EF-4814-ACBC-9BAD3BCBE149}.Debug|ARM.ActiveCfg = Debug|Any CPU
		{8BE3B61E-19EF-4814-ACBC-9BAD3BCBE149}.Debug|ARM.Build.0 = Debug|Any CPU
		{8BE3B61E-19EF-4814-ACBC-9BAD3BCBE149}.Debug|ARM.Deploy.0 = Debug|Any CPU
		{8BE3B61E-19EF-4814-ACBC-9BAD3BCBE149}.Debug|iPhone.ActiveCfg = Debug|Any CPU
		{8BE3B61E-19EF-4814-ACBC-9BAD3BCBE149}.Debug|iPhone.Build.0 = Debug|Any CPU
		{8BE3B61E-19EF-4814-ACBC-9BAD3BCBE149}.Debug|iPhone.Deploy.0 = Debug|Any CPU
		{8BE3B61E-19EF-4814-ACBC-9BAD3BCBE149}.Debug|iPhoneSimulator.ActiveCfg = Debug|Any CPU
		{8BE3B61E-19EF-4814-ACBC-9BAD3BCBE149}.Debug|iPhoneSimulator.Build.0 = Debug|Any CPU
		{8BE3B61E-19EF-4814-ACBC-9BAD3BCBE149}.Debug|iPhoneSimulator.Deploy.0 = Debug|Any CPU
		{8BE3B61E-19EF-4814-ACBC-9BAD3BCBE149}.Debug|x64.ActiveCfg = Debug|Any CPU
		{8BE3B61E-19EF-4814-ACBC-9BAD3BCBE149}.Debug|x64.Build.0 = Debug|Any CPU
		{8BE3B61E-19EF-4814-ACBC-9BAD3BCBE149}.Debug|x64.Deploy.0 = Debug|Any CPU
		{8BE3B61E-19EF-4814-ACBC-9BAD3BCBE149}.Debug|x86.ActiveCfg = Debug|Any CPU
		{8BE3B61E-19EF-4814-ACBC-9BAD3BCBE149}.Debug|x86.Build.0 = Debug|Any CPU
		{8BE3B61E-19EF-4814-ACBC-9BAD3BCBE149}.Debug|x86.Deploy.0 = Debug|Any CPU
		{8BE3B61E-19EF-4814-ACBC-9BAD3BCBE149}.Release|Any CPU.ActiveCfg = Release|Any CPU
		{8BE3B61E-19EF-4814-ACBC-9BAD3BCBE149}.Release|Any CPU.Build.0 = Release|Any CPU
		{8BE3B61E-19EF-4814-ACBC-9BAD3BCBE149}.Release|Any CPU.Deploy.0 = Release|Any CPU
		{8BE3B61E-19EF-4814-ACBC-9BAD3BCBE149}.Release|ARM.ActiveCfg = Release|Any CPU
		{8BE3B61E-19EF-4814-ACBC-9BAD3BCBE149}.Release|ARM.Build.0 = Release|Any CPU
		{8BE3B61E-19EF-4814-ACBC-9BAD3BCBE149}.Release|ARM.Deploy.0 = Release|Any CPU
		{8BE3B61E-19EF-4814-ACBC-9BAD3BCBE149}.Release|iPhone.ActiveCfg = Release|Any CPU
		{8BE3B61E-19EF-4814-ACBC-9BAD3BCBE149}.Release|iPhone.Build.0 = Release|Any CPU
		{8BE3B61E-19EF-4814-ACBC-9BAD3BCBE149}.Release|iPhone.Deploy.0 = Release|Any CPU
		{8BE3B61E-19EF-4814-ACBC-9BAD3BCBE149}.Release|iPhoneSimulator.ActiveCfg = Release|Any CPU
		{8BE3B61E-19EF-4814-ACBC-9BAD3BCBE149}.Release|iPhoneSimulator.Build.0 = Release|Any CPU
		{8BE3B61E-19EF-4814-ACBC-9BAD3BCBE149}.Release|iPhoneSimulator.Deploy.0 = Release|Any CPU
		{8BE3B61E-19EF-4814-ACBC-9BAD3BCBE149}.Release|x64.ActiveCfg = Release|Any CPU
		{8BE3B61E-19EF-4814-ACBC-9BAD3BCBE149}.Release|x64.Build.0 = Release|Any CPU
		{8BE3B61E-19EF-4814-ACBC-9BAD3BCBE149}.Release|x64.Deploy.0 = Release|Any CPU
		{8BE3B61E-19EF-4814-ACBC-9BAD3BCBE149}.Release|x86.ActiveCfg = Release|Any CPU
		{8BE3B61E-19EF-4814-ACBC-9BAD3BCBE149}.Release|x86.Build.0 = Release|Any CPU
		{8BE3B61E-19EF-4814-ACBC-9BAD3BCBE149}.Release|x86.Deploy.0 = Release|Any CPU
		{3A38ED02-A899-42B3-A465-DEB79D64DFD0}.Debug|Any CPU.ActiveCfg = Debug|iPhone
		{3A38ED02-A899-42B3-A465-DEB79D64DFD0}.Debug|Any CPU.Build.0 = Debug|iPhone
		{3A38ED02-A899-42B3-A465-DEB79D64DFD0}.Debug|Any CPU.Deploy.0 = Debug|iPhone
		{3A38ED02-A899-42B3-A465-DEB79D64DFD0}.Debug|ARM.ActiveCfg = Debug|iPhoneSimulator
		{3A38ED02-A899-42B3-A465-DEB79D64DFD0}.Debug|ARM.Build.0 = Debug|iPhoneSimulator
		{3A38ED02-A899-42B3-A465-DEB79D64DFD0}.Debug|ARM.Deploy.0 = Debug|iPhoneSimulator
		{3A38ED02-A899-42B3-A465-DEB79D64DFD0}.Debug|iPhone.ActiveCfg = Debug|iPhone
		{3A38ED02-A899-42B3-A465-DEB79D64DFD0}.Debug|iPhone.Build.0 = Debug|iPhone
		{3A38ED02-A899-42B3-A465-DEB79D64DFD0}.Debug|iPhone.Deploy.0 = Debug|iPhone
		{3A38ED02-A899-42B3-A465-DEB79D64DFD0}.Debug|iPhoneSimulator.ActiveCfg = Debug|iPhoneSimulator
		{3A38ED02-A899-42B3-A465-DEB79D64DFD0}.Debug|iPhoneSimulator.Build.0 = Debug|iPhoneSimulator
		{3A38ED02-A899-42B3-A465-DEB79D64DFD0}.Debug|iPhoneSimulator.Deploy.0 = Debug|iPhoneSimulator
		{3A38ED02-A899-42B3-A465-DEB79D64DFD0}.Debug|x64.ActiveCfg = Debug|iPhone
		{3A38ED02-A899-42B3-A465-DEB79D64DFD0}.Debug|x64.Build.0 = Debug|iPhone
		{3A38ED02-A899-42B3-A465-DEB79D64DFD0}.Debug|x64.Deploy.0 = Debug|iPhone
		{3A38ED02-A899-42B3-A465-DEB79D64DFD0}.Debug|x86.ActiveCfg = Debug|iPhone
		{3A38ED02-A899-42B3-A465-DEB79D64DFD0}.Debug|x86.Build.0 = Debug|iPhone
		{3A38ED02-A899-42B3-A465-DEB79D64DFD0}.Debug|x86.Deploy.0 = Debug|iPhone
		{3A38ED02-A899-42B3-A465-DEB79D64DFD0}.Release|Any CPU.ActiveCfg = Release|iPhone
		{3A38ED02-A899-42B3-A465-DEB79D64DFD0}.Release|Any CPU.Build.0 = Release|iPhone
		{3A38ED02-A899-42B3-A465-DEB79D64DFD0}.Release|Any CPU.Deploy.0 = Release|iPhone
		{3A38ED02-A899-42B3-A465-DEB79D64DFD0}.Release|ARM.ActiveCfg = Release|iPhone
		{3A38ED02-A899-42B3-A465-DEB79D64DFD0}.Release|ARM.Build.0 = Release|iPhone
		{3A38ED02-A899-42B3-A465-DEB79D64DFD0}.Release|ARM.Deploy.0 = Release|iPhone
		{3A38ED02-A899-42B3-A465-DEB79D64DFD0}.Release|iPhone.ActiveCfg = Release|iPhone
		{3A38ED02-A899-42B3-A465-DEB79D64DFD0}.Release|iPhone.Build.0 = Release|iPhone
		{3A38ED02-A899-42B3-A465-DEB79D64DFD0}.Release|iPhone.Deploy.0 = Release|iPhone
		{3A38ED02-A899-42B3-A465-DEB79D64DFD0}.Release|iPhoneSimulator.ActiveCfg = Release|iPhoneSimulator
		{3A38ED02-A899-42B3-A465-DEB79D64DFD0}.Release|iPhoneSimulator.Build.0 = Release|iPhoneSimulator
		{3A38ED02-A899-42B3-A465-DEB79D64DFD0}.Release|iPhoneSimulator.Deploy.0 = Release|iPhoneSimulator
		{3A38ED02-A899-42B3-A465-DEB79D64DFD0}.Release|x64.ActiveCfg = Release|iPhone
		{3A38ED02-A899-42B3-A465-DEB79D64DFD0}.Release|x64.Build.0 = Release|iPhone
		{3A38ED02-A899-42B3-A465-DEB79D64DFD0}.Release|x64.Deploy.0 = Release|iPhone
		{3A38ED02-A899-42B3-A465-DEB79D64DFD0}.Release|x86.ActiveCfg = Release|iPhone
		{3A38ED02-A899-42B3-A465-DEB79D64DFD0}.Release|x86.Build.0 = Release|iPhone
		{3A38ED02-A899-42B3-A465-DEB79D64DFD0}.Release|x86.Deploy.0 = Release|iPhone
		{0138CD82-C5C4-4EA3-8AB9-EB7B99F3846E}.Debug|Any CPU.ActiveCfg = Debug|Any CPU
		{0138CD82-C5C4-4EA3-8AB9-EB7B99F3846E}.Debug|Any CPU.Build.0 = Debug|Any CPU
		{0138CD82-C5C4-4EA3-8AB9-EB7B99F3846E}.Debug|Any CPU.Deploy.0 = Debug|Any CPU
		{0138CD82-C5C4-4EA3-8AB9-EB7B99F3846E}.Debug|ARM.ActiveCfg = Debug|Any CPU
		{0138CD82-C5C4-4EA3-8AB9-EB7B99F3846E}.Debug|ARM.Build.0 = Debug|Any CPU
		{0138CD82-C5C4-4EA3-8AB9-EB7B99F3846E}.Debug|ARM.Deploy.0 = Debug|Any CPU
		{0138CD82-C5C4-4EA3-8AB9-EB7B99F3846E}.Debug|iPhone.ActiveCfg = Debug|Any CPU
		{0138CD82-C5C4-4EA3-8AB9-EB7B99F3846E}.Debug|iPhone.Build.0 = Debug|Any CPU
		{0138CD82-C5C4-4EA3-8AB9-EB7B99F3846E}.Debug|iPhone.Deploy.0 = Debug|Any CPU
		{0138CD82-C5C4-4EA3-8AB9-EB7B99F3846E}.Debug|iPhoneSimulator.ActiveCfg = Debug|Any CPU
		{0138CD82-C5C4-4EA3-8AB9-EB7B99F3846E}.Debug|iPhoneSimulator.Build.0 = Debug|Any CPU
		{0138CD82-C5C4-4EA3-8AB9-EB7B99F3846E}.Debug|iPhoneSimulator.Deploy.0 = Debug|Any CPU
		{0138CD82-C5C4-4EA3-8AB9-EB7B99F3846E}.Debug|x64.ActiveCfg = Debug|Any CPU
		{0138CD82-C5C4-4EA3-8AB9-EB7B99F3846E}.Debug|x64.Build.0 = Debug|Any CPU
		{0138CD82-C5C4-4EA3-8AB9-EB7B99F3846E}.Debug|x64.Deploy.0 = Debug|Any CPU
		{0138CD82-C5C4-4EA3-8AB9-EB7B99F3846E}.Debug|x86.ActiveCfg = Debug|Any CPU
		{0138CD82-C5C4-4EA3-8AB9-EB7B99F3846E}.Debug|x86.Build.0 = Debug|Any CPU
		{0138CD82-C5C4-4EA3-8AB9-EB7B99F3846E}.Debug|x86.Deploy.0 = Debug|Any CPU
		{0138CD82-C5C4-4EA3-8AB9-EB7B99F3846E}.Release|Any CPU.ActiveCfg = Release|Any CPU
		{0138CD82-C5C4-4EA3-8AB9-EB7B99F3846E}.Release|Any CPU.Build.0 = Release|Any CPU
		{0138CD82-C5C4-4EA3-8AB9-EB7B99F3846E}.Release|Any CPU.Deploy.0 = Release|Any CPU
		{0138CD82-C5C4-4EA3-8AB9-EB7B99F3846E}.Release|ARM.ActiveCfg = Release|Any CPU
		{0138CD82-C5C4-4EA3-8AB9-EB7B99F3846E}.Release|ARM.Build.0 = Release|Any CPU
		{0138CD82-C5C4-4EA3-8AB9-EB7B99F3846E}.Release|ARM.Deploy.0 = Release|Any CPU
		{0138CD82-C5C4-4EA3-8AB9-EB7B99F3846E}.Release|iPhone.ActiveCfg = Release|Any CPU
		{0138CD82-C5C4-4EA3-8AB9-EB7B99F3846E}.Release|iPhone.Build.0 = Release|Any CPU
		{0138CD82-C5C4-4EA3-8AB9-EB7B99F3846E}.Release|iPhone.Deploy.0 = Release|Any CPU
		{0138CD82-C5C4-4EA3-8AB9-EB7B99F3846E}.Release|iPhoneSimulator.ActiveCfg = Release|Any CPU
		{0138CD82-C5C4-4EA3-8AB9-EB7B99F3846E}.Release|iPhoneSimulator.Build.0 = Release|Any CPU
		{0138CD82-C5C4-4EA3-8AB9-EB7B99F3846E}.Release|iPhoneSimulator.Deploy.0 = Release|Any CPU
		{0138CD82-C5C4-4EA3-8AB9-EB7B99F3846E}.Release|x64.ActiveCfg = Release|Any CPU
		{0138CD82-C5C4-4EA3-8AB9-EB7B99F3846E}.Release|x64.Build.0 = Release|Any CPU
		{0138CD82-C5C4-4EA3-8AB9-EB7B99F3846E}.Release|x64.Deploy.0 = Release|Any CPU
		{0138CD82-C5C4-4EA3-8AB9-EB7B99F3846E}.Release|x86.ActiveCfg = Release|Any CPU
		{0138CD82-C5C4-4EA3-8AB9-EB7B99F3846E}.Release|x86.Build.0 = Release|Any CPU
		{0138CD82-C5C4-4EA3-8AB9-EB7B99F3846E}.Release|x86.Deploy.0 = Release|Any CPU
	EndGlobalSection
	GlobalSection(SolutionProperties) = preSolution
		HideSolutionNode = FALSE
	EndGlobalSection
	GlobalSection(ExtensibilityGlobals) = postSolution
		SolutionGuid = {5DE51D75-1BEF-414F-A2B4-0C8CC5961E6D}
	EndGlobalSection
EndGlobal
